
Microsoft Visual Studio Solution File, Format Version 12.00
# Visual Studio Version 17
VisualStudioVersion = 17.14.36623.8
MinimumVisualStudioVersion = 10.0.40219.1
Project("{FAE04EC0-301F-11D3-BF4B-00C04F79EFBC}") = "Session-7-Dennis-Hilfinger", "Session-7-Dennis-Hilfinger.csproj", "{DAF84D9D-0FE1-4FB0-BBD8-9FB33039FCC3}"
EndProject
Global
	GlobalSection(SolutionConfigurationPlatforms) = preSolution
		Debug|Any CPU = Debug|Any CPU
		Release|Any CPU = Release|Any CPU
	EndGlobalSection
	GlobalSection(ProjectConfigurationPlatforms) = postSolution
		{DAF84D9D-0FE1-4FB0-BBD8-9FB33039FCC3}.Debug|Any CPU.ActiveCfg = Debug|Any CPU
		{DAF84D9D-0FE1-4FB0-BBD8-9FB33039FCC3}.Debug|Any CPU.Build.0 = Debug|Any CPU
		{DAF84D9D-0FE1-4FB0-BBD8-9FB33039FCC3}.Release|Any CPU.ActiveCfg = Release|Any CPU
		{DAF84D9D-0FE1-4FB0-BBD8-9FB33039FCC3}.Release|Any CPU.Build.0 = Release|Any CPU
	EndGlobalSection
	GlobalSection(SolutionProperties) = preSolution
		HideSolutionNode = FALSE
	EndGlobalSection
	GlobalSection(ExtensibilityGlobals) = postSolution
		SolutionGuid = {AAD12218-4C57-4DEE-AAEB-4FFECDC9E8B9}
	EndGlobalSection
EndGlobal
